Microsoft Visual Studio Solution File, Format Version 11.00
# Visual Studio 2015
Project("{25408AE5-D7B0-80B4-A023-750F014E8F28}") = "supersynth", "supersynth.vcxproj", "{77BB35DF-3E09-58BA-12AC-5545721174AF}"
EndProject
Global
	GlobalSection(SolutionConfigurationPlatforms) = preSolution
		Debug|Win32 = Debug|Win32
		Release|Win32 = Release|Win32
	EndGlobalSection
	GlobalSection(ProjectConfigurationPlatforms) = postSolution
		{77BB35DF-3E09-58BA-12AC-5545721174AF}.Debug|Win32.ActiveCfg = Debug|Win32
		{77BB35DF-3E09-58BA-12AC-5545721174AF}.Debug|Win32.Build.0 = Debug|Win32
		{77BB35DF-3E09-58BA-12AC-5545721174AF}.Release|Win32.ActiveCfg = Release|Win32
		{77BB35DF-3E09-58BA-12AC-5545721174AF}.Release|Win32.Build.0 = Release|Win32
	EndGlobalSection
	GlobalSection(SolutionProperties) = preSolution
		HideSolutionNode = FALSE
	EndGlobalSection
EndGlobal
